<Solution>
  <Folder Name="/src/">
    <Project Path="src/SemanticKernelApplication.Abstractions/SemanticKernelApplication.Abstractions.csproj" />
    <Project Path="src/SemanticKernelApplication.Runtime/SemanticKernelApplication.Runtime.csproj" />
    <Project Path="src/SemanticKernelApplication.Tools/SemanticKernelApplication.Tools.csproj" />
  </Folder>
  <Project Path="SemanticKernelApplication.Web/SemanticKernelApplication.Web.csproj" />
</Solution>
